
Microsoft Visual Studio Solution File, Format Version 12.00
# Visual Studio Version 17
VisualStudioVersion = 17.6.33829.357
MinimumVisualStudioVersion = 10.0.40219.1
Project("{FAE04EC0-301F-11D3-BF4B-00C04F79EFBC}") = "GarbageCollectorGenerations", "GarbageCollectorGenerations\GarbageCollectorGenerations.csproj", "{BD828D31-1738-45DB-8685-EA610E371E56}"
EndProject
Global
	GlobalSection(SolutionConfigurationPlatforms) = preSolution
		Debug|Any CPU = Debug|Any CPU
		Release|Any CPU = Release|Any CPU
	EndGlobalSection
	GlobalSection(ProjectConfigurationPlatforms) = postSolution
		{BD828D31-1738-45DB-8685-EA610E371E56}.Debug|Any CPU.ActiveCfg = Debug|Any CPU
		{BD828D31-1738-45DB-8685-EA610E371E56}.Debug|Any CPU.Build.0 = Debug|Any CPU
		{BD828D31-1738-45DB-8685-EA610E371E56}.Release|Any CPU.ActiveCfg = Release|Any CPU
		{BD828D31-1738-45DB-8685-EA610E371E56}.Release|Any CPU.Build.0 = Release|Any CPU
	EndGlobalSection
	GlobalSection(SolutionProperties) = preSolution
		HideSolutionNode = FALSE
	EndGlobalSection
	GlobalSection(ExtensibilityGlobals) = postSolution
		SolutionGuid = {3126E00E-D07D-4D61-855B-C891CA7DA9CE}
	EndGlobalSection
EndGlobal
